
Microsoft Visual Studio Solution File, Format Version 12.00
# Visual Studio Version 17
VisualStudioVersion = 17.8.34408.163
MinimumVisualStudioVersion = 10.0.40219.1
Project("{FAE04EC0-301F-11D3-BF4B-00C04F79EFBC}") = "rabbitmq-client-provider-pubsub-message", "rabbitmq-client-provider-pubsub-message\rabbitmq-client-provider-pubsub-message.csproj", "{747D0846-47EC-4E2D-8BBB-A31B2FDF92D7}"
EndProject
Global
	GlobalSection(SolutionConfigurationPlatforms) = preSolution
		Debug|Any CPU = Debug|Any CPU
		Release|Any CPU = Release|Any CPU
	EndGlobalSection
	GlobalSection(ProjectConfigurationPlatforms) = postSolution
		{747D0846-47EC-4E2D-8BBB-A31B2FDF92D7}.Debug|Any CPU.ActiveCfg = Debug|Any CPU
		{747D0846-47EC-4E2D-8BBB-A31B2FDF92D7}.Debug|Any CPU.Build.0 = Debug|Any CPU
		{747D0846-47EC-4E2D-8BBB-A31B2FDF92D7}.Release|Any CPU.ActiveCfg = Release|Any CPU
		{747D0846-47EC-4E2D-8BBB-A31B2FDF92D7}.Release|Any CPU.Build.0 = Release|Any CPU
	EndGlobalSection
	GlobalSection(SolutionProperties) = preSolution
		HideSolutionNode = FALSE
	EndGlobalSection
	GlobalSection(ExtensibilityGlobals) = postSolution
		SolutionGuid = {0AEBD47C-356E-4782-B3D7-C0AA2261FE97}
	EndGlobalSection
EndGlobal
